
Microsoft Visual Studio Solution File, Format Version 12.00
# Visual Studio Version 16
VisualStudioVersion = 16.0.30717.126
MinimumVisualStudioVersion = 10.0.40219.1
Project("{FAE04EC0-301F-11D3-BF4B-00C04F79EFBC}") = "CentralServer", "CentralServer\CentralServer.csproj", "{AB28B739-2C87-4348-A4BD-AF63B96BD158}"
EndProject
Project("{FAE04EC0-301F-11D3-BF4B-00C04F79EFBC}") = "InputService", "InputService\InputService.csproj", "{B6808F85-55B5-477F-807B-18A0D4CAEB4C}"
EndProject
Global
	GlobalSection(SolutionConfigurationPlatforms) = preSolution
		Debug|Any CPU = Debug|Any CPU
		Release|Any CPU = Release|Any CPU
	EndGlobalSection
	GlobalSection(ProjectConfigurationPlatforms) = postSolution
		{AB28B739-2C87-4348-A4BD-AF63B96BD158}.Debug|Any CPU.ActiveCfg = Debug|Any CPU
		{AB28B739-2C87-4348-A4BD-AF63B96BD158}.Debug|Any CPU.Build.0 = Debug|Any CPU
		{AB28B739-2C87-4348-A4BD-AF63B96BD158}.Release|Any CPU.ActiveCfg = Release|Any CPU
		{AB28B739-2C87-4348-A4BD-AF63B96BD158}.Release|Any CPU.Build.0 = Release|Any CPU
		{B6808F85-55B5-477F-807B-18A0D4CAEB4C}.Debug|Any CPU.ActiveCfg = Debug|Any CPU
		{B6808F85-55B5-477F-807B-18A0D4CAEB4C}.Debug|Any CPU.Build.0 = Debug|Any CPU
		{B6808F85-55B5-477F-807B-18A0D4CAEB4C}.Release|Any CPU.ActiveCfg = Release|Any CPU
		{B6808F85-55B5-477F-807B-18A0D4CAEB4C}.Release|Any CPU.Build.0 = Release|Any CPU
	EndGlobalSection
	GlobalSection(SolutionProperties) = preSolution
		HideSolutionNode = FALSE
	EndGlobalSection
	GlobalSection(ExtensibilityGlobals) = postSolution
		SolutionGuid = {817CDB81-E23D-4B07-8D77-9F0685C7E6C8}
	EndGlobalSection
EndGlobal
